
Microsoft Visual Studio Solution File, Format Version 12.00
# Visual Studio Version 17
VisualStudioVersion = 17.0.32126.317
MinimumVisualStudioVersion = 10.0.40219.1
Project("{FAE04EC0-301F-11D3-BF4B-00C04F79EFBC}") = "UNIVESITY COMPANION - API", "UNIVESITY COMPANION - API\UNIVESITY COMPANION - API.csproj", "{40DAEC0A-4152-4626-877E-19AB135C0B2D}"
EndProject
Global
	GlobalSection(SolutionConfigurationPlatforms) = preSolution
		Debug|Any CPU = Debug|Any CPU
		Release|Any CPU = Release|Any CPU
	EndGlobalSection
	GlobalSection(ProjectConfigurationPlatforms) = postSolution
		{40DAEC0A-4152-4626-877E-19AB135C0B2D}.Debug|Any CPU.ActiveCfg = Debug|Any CPU
		{40DAEC0A-4152-4626-877E-19AB135C0B2D}.Debug|Any CPU.Build.0 = Debug|Any CPU
		{40DAEC0A-4152-4626-877E-19AB135C0B2D}.Release|Any CPU.ActiveCfg = Release|Any CPU
		{40DAEC0A-4152-4626-877E-19AB135C0B2D}.Release|Any CPU.Build.0 = Release|Any CPU
	EndGlobalSection
	GlobalSection(SolutionProperties) = preSolution
		HideSolutionNode = FALSE
	EndGlobalSection
	GlobalSection(ExtensibilityGlobals) = postSolution
		SolutionGuid = {D1BAAB85-A41D-4395-A783-E82977BCD76E}
	EndGlobalSection
EndGlobal
